{
  "version": 4,
  "terraform_version": "1.7.5",
  "serial": 57,
  "lineage": "4ef4cd35-079b-d2fe-0e3d-0c71712401f6",
  "outputs": {},
  "resources": [
    {
      "module": "module.cloudfront_distribution",
      "mode": "managed",
      "type": "aws_cloudfront_distribution",
      "name": "sutudiozebra-distribution",
      "provider": "provider[\"registry.terraform.io/hashicorp/aws\"]",
      "instances": [
        {
          "schema_version": 1,
          "attributes": {
            "aliases": [
              "*.studiozebra-1st-dev.com"
            ],
            "arn": "arn:aws:cloudfront::807357942906:distribution/E36NOONM5TQTGN",
            "caller_reference": "8343357e-ce05-48c0-83ef-ea122933957a",
            "comment": "Studiozebra reservation form",
            "continuous_deployment_policy_id": "",
            "custom_error_response": [],
            "default_cache_behavior": [
              {
                "allowed_methods": [
                  "GET",
                  "HEAD"
                ],
                "cache_policy_id": "658327ea-f89d-4fab-a63d-7e88639e58f6",
                "cached_methods": [
                  "GET",
                  "HEAD"
                ],
                "compress": true,
                "default_ttl": 0,
                "field_level_encryption_id": "",
                "forwarded_values": [],
                "function_association": [],
                "lambda_function_association": [],
                "max_ttl": 0,
                "min_ttl": 0,
                "origin_request_policy_id": "",
                "realtime_log_config_arn": "",
                "response_headers_policy_id": "",
                "smooth_streaming": false,
                "target_origin_id": "studiozebra-1st-reservation-form.s3.ap-northeast-1.amazonaws.com",
                "trusted_key_groups": [],
                "trusted_signers": [],
                "viewer_protocol_policy": "redirect-to-https"
              }
            ],
            "default_root_object": "index.html",
            "domain_name": "d3g894tijse4w5.cloudfront.net",
            "enabled": true,
            "etag": "ESU5QH7ZCU1H5",
            "hosted_zone_id": "Z2FDTNDATAQYW2",
            "http_version": "http2",
            "id": "E36NOONM5TQTGN",
            "in_progress_validation_batches": 0,
            "is_ipv6_enabled": true,
            "last_modified_time": "2024-06-02 06:30:35.546 +0000 UTC",
            "logging_config": [
              {
                "bucket": "studiozebra-1st-cloudfront-log.s3.amazonaws.com",
                "include_cookies": false,
                "prefix": ""
              }
            ],
            "ordered_cache_behavior": [],
            "origin": [
              {
                "connection_attempts": 3,
                "connection_timeout": 10,
                "custom_header": [],
                "custom_origin_config": [],
                "domain_name": "studiozebra-1st-reservation-form.s3.ap-northeast-1.amazonaws.com",
                "origin_access_control_id": "ECRGSSF7MPJXW",
                "origin_id": "studiozebra-1st-reservation-form.s3.ap-northeast-1.amazonaws.com",
                "origin_path": "",
                "origin_shield": [],
                "s3_origin_config": []
              }
            ],
            "origin_group": [],
            "price_class": "PriceClass_200",
            "restrictions": [
              {
                "geo_restriction": [
                  {
                    "locations": [],
                    "restriction_type": "none"
                  }
                ]
              }
            ],
            "retain_on_delete": false,
            "staging": false,
            "status": "Deployed",
            "tags": {},
            "tags_all": {},
            "trusted_key_groups": [
              {
                "enabled": false,
                "items": []
              }
            ],
            "trusted_signers": [
              {
                "enabled": false,
                "items": []
              }
            ],
            "viewer_certificate": [
              {
                "acm_certificate_arn": "arn:aws:acm:us-east-1:807357942906:certificate/8275ca6f-b3a6-450c-ad04-ab4a3bf31032",
                "cloudfront_default_certificate": false,
                "iam_certificate_id": "",
                "minimum_protocol_version": "TLSv1.2_2021",
                "ssl_support_method": "sni-only"
              }
            ],
            "wait_for_deployment": true,
            "web_acl_id": ""
          },
          "sensitive_attributes": [],
          "private": "eyJzY2hlbWFfdmVyc2lvbiI6IjEifQ==",
          "dependencies": [
            "module.s3_bucket.aws_s3_bucket.reservation-form"
          ]
        }
      ]
    },
    {
      "module": "module.iam",
      "mode": "managed",
      "type": "aws_iam_access_key",
      "name": "admin-key1",
      "provider": "provider[\"registry.terraform.io/hashicorp/aws\"]",
      "instances": [
        {
          "schema_version": 0,
          "attributes": {
            "create_date": "2024-01-16T05:13:09Z",
            "encrypted_secret": null,
            "encrypted_ses_smtp_password_v4": null,
            "id": "AKIA3X6SIRR5IHDVPPWJ",
            "key_fingerprint": null,
            "pgp_key": null,
            "secret": null,
            "ses_smtp_password_v4": null,
            "status": "Active",
            "user": "zebra-admin"
          },
          "sensitive_attributes": [],
          "private": "eyJzY2hlbWFfdmVyc2lvbiI6IjAifQ==",
          "dependencies": [
            "module.iam.aws_iam_user.admin"
          ]
        }
      ]
    },
    {
      "module": "module.iam",
      "mode": "managed",
      "type": "aws_iam_access_key",
      "name": "admin-key2",
      "provider": "provider[\"registry.terraform.io/hashicorp/aws\"]",
      "instances": [
        {
          "schema_version": 0,
          "attributes": {
            "create_date": "2024-03-29T03:47:41Z",
            "encrypted_secret": null,
            "encrypted_ses_smtp_password_v4": null,
            "id": "AKIA3X6SIRR5KQ677P5E",
            "key_fingerprint": null,
            "pgp_key": null,
            "secret": null,
            "ses_smtp_password_v4": null,
            "status": "Active",
            "user": "zebra-admin"
          },
          "sensitive_attributes": [],
          "private": "eyJzY2hlbWFfdmVyc2lvbiI6IjAifQ==",
          "dependencies": [
            "module.iam.aws_iam_user.admin"
          ]
        }
      ]
    },
    {
      "module": "module.iam",
      "mode": "managed",
      "type": "aws_iam_access_key",
      "name": "github-s3-key1",
      "provider": "provider[\"registry.terraform.io/hashicorp/aws\"]",
      "instances": [
        {
          "schema_version": 0,
          "attributes": {
            "create_date": "2024-01-27T07:14:34Z",
            "encrypted_secret": null,
            "encrypted_ses_smtp_password_v4": null,
            "id": "AKIA3X6SIRR5JIEQYVVF",
            "key_fingerprint": null,
            "pgp_key": null,
            "secret": null,
            "ses_smtp_password_v4": null,
            "status": "Active",
            "user": "zebra-github-s3"
          },
          "sensitive_attributes": [],
          "private": "eyJzY2hlbWFfdmVyc2lvbiI6IjAifQ==",
          "dependencies": [
            "module.iam.aws_iam_user.github-s3"
          ]
        }
      ]
    },
    {
      "module": "module.iam",
      "mode": "managed",
      "type": "aws_iam_group",
      "name": "administrator",
      "provider": "provider[\"registry.terraform.io/hashicorp/aws\"]",
      "instances": [
        {
          "schema_version": 0,
          "attributes": {
            "arn": "arn:aws:iam::807357942906:group/administrator",
            "id": "administrator",
            "name": "administrator",
            "path": "/",
            "unique_id": "AGPA3X6SIRR5DSVJLQOWT"
          },
          "sensitive_attributes": [],
          "private": "eyJzY2hlbWFfdmVyc2lvbiI6IjAifQ=="
        }
      ]
    },
    {
      "module": "module.iam",
      "mode": "managed",
      "type": "aws_iam_group_policy_attachment",
      "name": "AdministratorAccess",
      "provider": "provider[\"registry.terraform.io/hashicorp/aws\"]",
      "instances": [
        {
          "schema_version": 0,
          "attributes": {
            "group": "administrator",
            "id": "administrator-arn:aws:iam::aws:policy/AdministratorAccess",
            "policy_arn": "arn:aws:iam::aws:policy/AdministratorAccess"
          },
          "sensitive_attributes": [],
          "private": "eyJzY2hlbWFfdmVyc2lvbiI6IjAifQ==",
          "dependencies": [
            "module.iam.aws_iam_group.administrator"
          ]
        }
      ]
    },
    {
      "module": "module.iam",
      "mode": "managed",
      "type": "aws_iam_user",
      "name": "admin",
      "provider": "provider[\"registry.terraform.io/hashicorp/aws\"]",
      "instances": [
        {
          "schema_version": 0,
          "attributes": {
            "arn": "arn:aws:iam::807357942906:user/zebra-admin",
            "force_destroy": null,
            "id": "zebra-admin",
            "name": "zebra-admin",
            "path": "/",
            "permissions_boundary": "",
            "tags": {
              "AKIA3X6SIRR5IHDVPPWJ": "github actions",
              "AKIA3X6SIRR5KQ677P5E": "wsl"
            },
            "tags_all": {
              "AKIA3X6SIRR5IHDVPPWJ": "github actions",
              "AKIA3X6SIRR5KQ677P5E": "wsl"
            },
            "unique_id": "AIDA3X6SIRR5PMJ5OQPA7"
          },
          "sensitive_attributes": [],
          "private": "eyJzY2hlbWFfdmVyc2lvbiI6IjAifQ=="
        }
      ]
    },
    {
      "module": "module.iam",
      "mode": "managed",
      "type": "aws_iam_user",
      "name": "github-s3",
      "provider": "provider[\"registry.terraform.io/hashicorp/aws\"]",
      "instances": [
        {
          "schema_version": 0,
          "attributes": {
            "arn": "arn:aws:iam::807357942906:user/zebra-github-s3",
            "force_destroy": null,
            "id": "zebra-github-s3",
            "name": "zebra-github-s3",
            "path": "/",
            "permissions_boundary": "",
            "tags": {
              "AKIA3X6SIRR5JIEQYVVF": "for github access_key"
            },
            "tags_all": {
              "AKIA3X6SIRR5JIEQYVVF": "for github access_key"
            },
            "unique_id": "AIDA3X6SIRR5BH6A77BGF"
          },
          "sensitive_attributes": [],
          "private": "eyJzY2hlbWFfdmVyc2lvbiI6IjAifQ=="
        }
      ]
    },
    {
      "module": "module.lambda_apigateway",
      "mode": "data",
      "type": "aws_iam_policy_document",
      "name": "APIGatewayLogs-assume",
      "provider": "provider[\"registry.terraform.io/hashicorp/aws\"]",
      "instances": [
        {
          "schema_version": 0,
          "attributes": {
            "id": "2699642182",
            "json": "{\n  \"Version\": \"2012-10-17\",\n  \"Statement\": [\n    {\n      \"Effect\": \"Allow\",\n      \"Action\": \"sts:AssumeRole\",\n      \"Principal\": {\n        \"Service\": \"apigateway.amazonaws.com\"\n      }\n    }\n  ]\n}",
            "override_json": null,
            "override_policy_documents": null,
            "policy_id": null,
            "source_json": null,
            "source_policy_documents": null,
            "statement": [
              {
                "actions": [
                  "sts:AssumeRole"
                ],
                "condition": [],
                "effect": "Allow",
                "not_actions": [],
                "not_principals": [],
                "not_resources": [],
                "principals": [
                  {
                    "identifiers": [
                      "apigateway.amazonaws.com"
                    ],
                    "type": "Service"
                  }
                ],
                "resources": [],
                "sid": ""
              }
            ],
            "version": "2012-10-17"
          },
          "sensitive_attributes": []
        }
      ]
    },
    {
      "module": "module.lambda_apigateway",
      "mode": "data",
      "type": "aws_iam_policy_document",
      "name": "LambdaSESMailRole-assume",
      "provider": "provider[\"registry.terraform.io/hashicorp/aws\"]",
      "instances": [
        {
          "schema_version": 0,
          "attributes": {
            "id": "2690255455",
            "json": "{\n  \"Version\": \"2012-10-17\",\n  \"Statement\": [\n    {\n      \"Effect\": \"Allow\",\n      \"Action\": \"sts:AssumeRole\",\n      \"Principal\": {\n        \"Service\": \"lambda.amazonaws.com\"\n      }\n    }\n  ]\n}",
            "override_json": null,
            "override_policy_documents": null,
            "policy_id": null,
            "source_json": null,
            "source_policy_documents": null,
            "statement": [
              {
                "actions": [
                  "sts:AssumeRole"
                ],
                "condition": [],
                "effect": "Allow",
                "not_actions": [],
                "not_principals": [],
                "not_resources": [],
                "principals": [
                  {
                    "identifiers": [
                      "lambda.amazonaws.com"
                    ],
                    "type": "Service"
                  }
                ],
                "resources": [],
                "sid": ""
              }
            ],
            "version": "2012-10-17"
          },
          "sensitive_attributes": []
        }
      ]
    },
    {
      "module": "module.lambda_apigateway",
      "mode": "managed",
      "type": "aws_api_gateway_deployment",
      "name": "SendMailAPI-OPTIONS",
      "provider": "provider[\"registry.terraform.io/hashicorp/aws\"]",
      "instances": [
        {
          "schema_version": 0,
          "attributes": {
            "created_date": "2024-03-22T08:15:56Z",
            "description": "",
            "execution_arn": "arn:aws:execute-api:ap-northeast-1:807357942906:tj3alvdeza/",
            "id": "1rf5gy",
            "invoke_url": "https://tj3alvdeza.execute-api.ap-northeast-1.amazonaws.com/",
            "rest_api_id": "tj3alvdeza",
            "stage_description": null,
            "stage_name": null,
            "triggers": null,
            "variables": null
          },
          "sensitive_attributes": [],
          "private": "eyJzY2hlbWFfdmVyc2lvbiI6IjAifQ==",
          "dependencies": [
            "module.lambda_apigateway.aws_api_gateway_integration.SendMailAPI-OPTIONS",
            "module.lambda_apigateway.aws_api_gateway_method.SendMailAPI-OPTIONS",
            "module.lambda_apigateway.aws_api_gateway_resource.SendMailAPI",
            "module.lambda_apigateway.aws_api_gateway_rest_api.SendMailAPI",
            "module.lambda_apigateway.aws_ecr_repository.zebra-reservation-form",
            "module.lambda_apigateway.aws_iam_role.LambdaSESMailRole",
            "module.lambda_apigateway.aws_lambda_function.reservationform-send-mail",
            "module.lambda_apigateway.data.aws_iam_policy_document.LambdaSESMailRole-assume"
          ]
        }
      ]
    },
    {
      "module": "module.lambda_apigateway",
      "mode": "managed",
      "type": "aws_api_gateway_deployment",
      "name": "SendMailAPI-POST",
      "provider": "provider[\"registry.terraform.io/hashicorp/aws\"]",
      "instances": [
        {
          "schema_version": 0,
          "attributes": {
            "created_date": "2024-03-22T08:15:56Z",
            "description": "",
            "execution_arn": "arn:aws:execute-api:ap-northeast-1:807357942906:tj3alvdeza/",
            "id": "1rf5gy",
            "invoke_url": "https://tj3alvdeza.execute-api.ap-northeast-1.amazonaws.com/",
            "rest_api_id": "tj3alvdeza",
            "stage_description": null,
            "stage_name": null,
            "triggers": null,
            "variables": null
          },
          "sensitive_attributes": [],
          "private": "eyJzY2hlbWFfdmVyc2lvbiI6IjAifQ==",
          "dependencies": [
            "module.lambda_apigateway.aws_api_gateway_integration.SendMailAPI-POST",
            "module.lambda_apigateway.aws_api_gateway_method.SendMailAPI-POST",
            "module.lambda_apigateway.aws_api_gateway_resource.SendMailAPI",
            "module.lambda_apigateway.aws_api_gateway_rest_api.SendMailAPI",
            "module.lambda_apigateway.aws_ecr_repository.zebra-reservation-form",
            "module.lambda_apigateway.aws_iam_role.LambdaSESMailRole",
            "module.lambda_apigateway.aws_lambda_function.reservationform-send-mail",
            "module.lambda_apigateway.data.aws_iam_policy_document.LambdaSESMailRole-assume"
          ]
        }
      ]
    },
    {
      "module": "module.lambda_apigateway",
      "mode": "managed",
      "type": "aws_api_gateway_integration",
      "name": "SendMailAPI-OPTIONS",
      "provider": "provider[\"registry.terraform.io/hashicorp/aws\"]",
      "instances": [
        {
          "schema_version": 0,
          "attributes": {
            "cache_key_parameters": [],
            "cache_namespace": "fkg2r3",
            "connection_id": "",
            "connection_type": "INTERNET",
            "content_handling": "CONVERT_TO_TEXT",
            "credentials": "",
            "http_method": "OPTIONS",
            "id": "agi-tj3alvdeza-fkg2r3-OPTIONS",
            "integration_http_method": "POST",
            "passthrough_behavior": "WHEN_NO_TEMPLATES",
            "request_parameters": {},
            "request_templates": {},
            "resource_id": "fkg2r3",
            "rest_api_id": "tj3alvdeza",
            "timeout_milliseconds": 29000,
            "tls_config": [],
            "type": "AWS",
            "uri": "arn:aws:apigateway:ap-northeast-1:lambda:path/2015-03-31/functions/arn:aws:lambda:ap-northeast-1:807357942906:function:reservationform-send-mail/invocations"
          },
          "sensitive_attributes": [],
          "private": "eyJzY2hlbWFfdmVyc2lvbiI6IjAifQ==",
          "dependencies": [
            "module.lambda_apigateway.aws_api_gateway_method.SendMailAPI-OPTIONS",
            "module.lambda_apigateway.aws_api_gateway_resource.SendMailAPI",
            "module.lambda_apigateway.aws_api_gateway_rest_api.SendMailAPI",
            "module.lambda_apigateway.aws_ecr_repository.zebra-reservation-form",
            "module.lambda_apigateway.aws_iam_role.LambdaSESMailRole",
            "module.lambda_apigateway.aws_lambda_function.reservationform-send-mail",
            "module.lambda_apigateway.data.aws_iam_policy_document.LambdaSESMailRole-assume"
          ]
        }
      ]
    },
    {
      "module": "module.lambda_apigateway",
      "mode": "managed",
      "type": "aws_api_gateway_integration",
      "name": "SendMailAPI-POST",
      "provider": "provider[\"registry.terraform.io/hashicorp/aws\"]",
      "instances": [
        {
          "schema_version": 0,
          "attributes": {
            "cache_key_parameters": [],
            "cache_namespace": "fkg2r3",
            "connection_id": "",
            "connection_type": "INTERNET",
            "content_handling": "CONVERT_TO_TEXT",
            "credentials": "",
            "http_method": "POST",
            "id": "agi-tj3alvdeza-fkg2r3-POST",
            "integration_http_method": "POST",
            "passthrough_behavior": "WHEN_NO_TEMPLATES",
            "request_parameters": {},
            "request_templates": {},
            "resource_id": "fkg2r3",
            "rest_api_id": "tj3alvdeza",
            "timeout_milliseconds": 29000,
            "tls_config": [],
            "type": "AWS",
            "uri": "arn:aws:apigateway:ap-northeast-1:lambda:path/2015-03-31/functions/arn:aws:lambda:ap-northeast-1:807357942906:function:reservationform-send-mail/invocations"
          },
          "sensitive_attributes": [],
          "private": "eyJzY2hlbWFfdmVyc2lvbiI6IjAifQ==",
          "dependencies": [
            "module.lambda_apigateway.aws_api_gateway_method.SendMailAPI-POST",
            "module.lambda_apigateway.aws_api_gateway_resource.SendMailAPI",
            "module.lambda_apigateway.aws_api_gateway_rest_api.SendMailAPI",
            "module.lambda_apigateway.aws_ecr_repository.zebra-reservation-form",
            "module.lambda_apigateway.aws_iam_role.LambdaSESMailRole",
            "module.lambda_apigateway.aws_lambda_function.reservationform-send-mail",
            "module.lambda_apigateway.data.aws_iam_policy_document.LambdaSESMailRole-assume"
          ]
        }
      ]
    },
    {
      "module": "module.lambda_apigateway",
      "mode": "managed",
      "type": "aws_api_gateway_method",
      "name": "SendMailAPI-OPTIONS",
      "provider": "provider[\"registry.terraform.io/hashicorp/aws\"]",
      "instances": [
        {
          "schema_version": 0,
          "attributes": {
            "api_key_required": false,
            "authorization": "NONE",
            "authorization_scopes": [],
            "authorizer_id": "",
            "http_method": "OPTIONS",
            "id": "agm-tj3alvdeza-fkg2r3-OPTIONS",
            "operation_name": "",
            "request_models": {},
            "request_parameters": {},
            "request_validator_id": "",
            "resource_id": "fkg2r3",
            "rest_api_id": "tj3alvdeza"
          },
          "sensitive_attributes": [],
          "private": "eyJzY2hlbWFfdmVyc2lvbiI6IjAifQ==",
          "dependencies": [
            "module.lambda_apigateway.aws_api_gateway_resource.SendMailAPI",
            "module.lambda_apigateway.aws_api_gateway_rest_api.SendMailAPI"
          ]
        }
      ]
    },
    {
      "module": "module.lambda_apigateway",
      "mode": "managed",
      "type": "aws_api_gateway_method",
      "name": "SendMailAPI-POST",
      "provider": "provider[\"registry.terraform.io/hashicorp/aws\"]",
      "instances": [
        {
          "schema_version": 0,
          "attributes": {
            "api_key_required": false,
            "authorization": "NONE",
            "authorization_scopes": [],
            "authorizer_id": "",
            "http_method": "POST",
            "id": "agm-tj3alvdeza-fkg2r3-POST",
            "operation_name": "",
            "request_models": {},
            "request_parameters": {},
            "request_validator_id": "",
            "resource_id": "fkg2r3",
            "rest_api_id": "tj3alvdeza"
          },
          "sensitive_attributes": [],
          "private": "eyJzY2hlbWFfdmVyc2lvbiI6IjAifQ==",
          "dependencies": [
            "module.lambda_apigateway.aws_api_gateway_resource.SendMailAPI",
            "module.lambda_apigateway.aws_api_gateway_rest_api.SendMailAPI"
          ]
        }
      ]
    },
    {
      "module": "module.lambda_apigateway",
      "mode": "managed",
      "type": "aws_api_gateway_resource",
      "name": "SendMailAPI",
      "provider": "provider[\"registry.terraform.io/hashicorp/aws\"]",
      "instances": [
        {
          "schema_version": 0,
          "attributes": {
            "id": "fkg2r3",
            "parent_id": "kchqvuf376",
            "path": "/send",
            "path_part": "send",
            "rest_api_id": "tj3alvdeza"
          },
          "sensitive_attributes": [],
          "private": "eyJzY2hlbWFfdmVyc2lvbiI6IjAifQ==",
          "dependencies": [
            "module.lambda_apigateway.aws_api_gateway_rest_api.SendMailAPI"
          ]
        }
      ]
    },
    {
      "module": "module.lambda_apigateway",
      "mode": "managed",
      "type": "aws_api_gateway_rest_api",
      "name": "SendMailAPI",
      "provider": "provider[\"registry.terraform.io/hashicorp/aws\"]",
      "instances": [
        {
          "schema_version": 0,
          "attributes": {
            "api_key_source": "HEADER",
            "arn": "arn:aws:apigateway:ap-northeast-1::/restapis/tj3alvdeza",
            "binary_media_types": [],
            "body": null,
            "created_date": "2024-03-03T05:39:54Z",
            "description": "スタジオゼブラの予約フォームから入力データを取得するAPI",
            "disable_execute_api_endpoint": false,
            "endpoint_configuration": [
              {
                "types": [
                  "REGIONAL"
                ],
                "vpc_endpoint_ids": []
              }
            ],
            "execution_arn": "arn:aws:execute-api:ap-northeast-1:807357942906:tj3alvdeza",
            "fail_on_warnings": null,
            "id": "tj3alvdeza",
            "minimum_compression_size": "",
            "name": "SendMailAPI",
            "parameters": null,
            "policy": "",
            "put_rest_api_mode": "overwrite",
            "root_resource_id": "kchqvuf376",
            "tags": {},
            "tags_all": {}
          },
          "sensitive_attributes": [],
          "private": "eyJzY2hlbWFfdmVyc2lvbiI6IjAifQ=="
        }
      ]
    },
    {
      "module": "module.lambda_apigateway",
      "mode": "managed",
      "type": "aws_ecr_repository",
      "name": "zebra-reservation-form",
      "provider": "provider[\"registry.terraform.io/hashicorp/aws\"]",
      "instances": [
        {
          "schema_version": 0,
          "attributes": {
            "arn": "arn:aws:ecr:ap-northeast-1:807357942906:repository/zebra-reservation-form",
            "encryption_configuration": [
              {
                "encryption_type": "AES256",
                "kms_key": ""
              }
            ],
            "force_delete": null,
            "id": "zebra-reservation-form",
            "image_scanning_configuration": [
              {
                "scan_on_push": true
              }
            ],
            "image_tag_mutability": "MUTABLE",
            "name": "zebra-reservation-form",
            "registry_id": "807357942906",
            "repository_url": "807357942906.dkr.ecr.ap-northeast-1.amazonaws.com/zebra-reservation-form",
            "tags": {},
            "tags_all": {},
            "timeouts": null
          },
          "sensitive_attributes": [],
          "private": "eyJlMmJmYjczMC1lY2FhLTExZTYtOGY4OC0zNDM2M2JjN2M0YzAiOnsiZGVsZXRlIjoxMjAwMDAwMDAwMDAwfSwic2NoZW1hX3ZlcnNpb24iOiIwIn0="
        }
      ]
    },
    {
      "module": "module.lambda_apigateway",
      "mode": "managed",
      "type": "aws_iam_role",
      "name": "APIGateway_logs",
      "provider": "provider[\"registry.terraform.io/hashicorp/aws\"]",
      "instances": [
        {
          "schema_version": 0,
          "attributes": {
            "arn": "arn:aws:iam::807357942906:role/APIGateway_logs",
            "assume_role_policy": "{\"Statement\":[{\"Action\":\"sts:AssumeRole\",\"Effect\":\"Allow\",\"Principal\":{\"Service\":\"apigateway.amazonaws.com\"},\"Sid\":\"\"}],\"Version\":\"2012-10-17\"}",
            "create_date": "2024-03-21T09:05:49Z",
            "description": "Allows API Gateway to push logs to CloudWatch Logs.",
            "force_detach_policies": false,
            "id": "APIGateway_logs",
            "inline_policy": [],
            "managed_policy_arns": [
              "arn:aws:iam::aws:policy/service-role/AmazonAPIGatewayPushToCloudWatchLogs"
            ],
            "max_session_duration": 3600,
            "name": "APIGateway_logs",
            "name_prefix": "",
            "path": "/",
            "permissions_boundary": "",
            "tags": {},
            "tags_all": {},
            "unique_id": "AROA3X6SIRR5AZQXIVTOX"
          },
          "sensitive_attributes": [],
          "private": "eyJzY2hlbWFfdmVyc2lvbiI6IjAifQ==",
          "dependencies": [
            "module.lambda_apigateway.data.aws_iam_policy_document.APIGatewayLogs-assume"
          ]
        }
      ]
    },
    {
      "module": "module.lambda_apigateway",
      "mode": "managed",
      "type": "aws_iam_role",
      "name": "LambdaSESMailRole",
      "provider": "provider[\"registry.terraform.io/hashicorp/aws\"]",
      "instances": [
        {
          "schema_version": 0,
          "attributes": {
            "arn": "arn:aws:iam::807357942906:role/LambdaSESMailRole",
            "assume_role_policy": "{\"Statement\":[{\"Action\":\"sts:AssumeRole\",\"Effect\":\"Allow\",\"Principal\":{\"Service\":\"lambda.amazonaws.com\"}}],\"Version\":\"2012-10-17\"}",
            "create_date": "2024-02-18T15:44:06Z",
            "description": "Allows Lambda functions to call AWS services on your behalf.",
            "force_detach_policies": false,
            "id": "LambdaSESMailRole",
            "inline_policy": [
              {
                "name": "SendSESPolicy",
                "policy": "{\"Version\":\"2012-10-17\",\"Statement\":[{\"Action\":[\"ses:SendEmail\",\"ses:SendRawEmail\"],\"Effect\":\"Allow\",\"Resource\":\"*\"}]}"
              }
            ],
            "managed_policy_arns": [
              "arn:aws:iam::aws:policy/AmazonSESFullAccess",
              "arn:aws:iam::aws:policy/service-role/AWSLambdaBasicExecutionRole"
            ],
            "max_session_duration": 3600,
            "name": "LambdaSESMailRole",
            "name_prefix": "",
            "path": "/",
            "permissions_boundary": "",
            "tags": {},
            "tags_all": {},
            "unique_id": "AROA3X6SIRR5MM3VRRQET"
          },
          "sensitive_attributes": [],
          "private": "eyJzY2hlbWFfdmVyc2lvbiI6IjAifQ==",
          "dependencies": [
            "module.lambda_apigateway.data.aws_iam_policy_document.LambdaSESMailRole-assume"
          ]
        }
      ]
    },
    {
      "module": "module.lambda_apigateway",
      "mode": "managed",
      "type": "aws_lambda_function",
      "name": "reservationform-send-mail",
      "provider": "provider[\"registry.terraform.io/hashicorp/aws\"]",
      "instances": [
        {
          "schema_version": 0,
          "attributes": {
            "architectures": [
              "arm64"
            ],
            "arn": "arn:aws:lambda:ap-northeast-1:807357942906:function:reservationform-send-mail",
            "code_signing_config_arn": "",
            "dead_letter_config": [],
            "description": "",
            "environment": [],
            "ephemeral_storage": [
              {
                "size": 512
              }
            ],
            "file_system_config": [],
            "filename": null,
            "function_name": "reservationform-send-mail",
            "handler": "",
            "id": "reservationform-send-mail",
            "image_config": [],
            "image_uri": "807357942906.dkr.ecr.ap-northeast-1.amazonaws.com/zebra-reservation-form:latest",
            "invoke_arn": "arn:aws:apigateway:ap-northeast-1:lambda:path/2015-03-31/functions/arn:aws:lambda:ap-northeast-1:807357942906:function:reservationform-send-mail/invocations",
            "kms_key_arn": "",
            "last_modified": "2024-03-22T08:15:47.995+0000",
            "layers": [],
            "logging_config": [
              {
                "application_log_level": "",
                "log_format": "Text",
                "log_group": "/aws/lambda/reservationform-send-mail",
                "system_log_level": ""
              }
            ],
            "memory_size": 128,
            "package_type": "Image",
            "publish": null,
            "qualified_arn": "arn:aws:lambda:ap-northeast-1:807357942906:function:reservationform-send-mail:$LATEST",
            "qualified_invoke_arn": "arn:aws:apigateway:ap-northeast-1:lambda:path/2015-03-31/functions/arn:aws:lambda:ap-northeast-1:807357942906:function:reservationform-send-mail:$LATEST/invocations",
            "replace_security_groups_on_destroy": null,
            "replacement_security_group_ids": null,
            "reserved_concurrent_executions": -1,
            "role": "arn:aws:iam::807357942906:role/LambdaSESMailRole",
            "runtime": "",
            "s3_bucket": null,
            "s3_key": null,
            "s3_object_version": null,
            "signing_job_arn": "",
            "signing_profile_version_arn": "",
            "skip_destroy": false,
            "snap_start": [],
            "source_code_hash": "eea5831a21f203b224398ec121bd473154ea72f0721565005f1f5895c0a57601",
            "source_code_size": 0,
            "tags": {},
            "tags_all": {},
            "timeout": 3,
            "timeouts": null,
            "tracing_config": [
              {
                "mode": "PassThrough"
              }
            ],
            "version": "$LATEST",
            "vpc_config": []
          },
          "sensitive_attributes": [],
          "private": "eyJlMmJmYjczMC1lY2FhLTExZTYtOGY4OC0zNDM2M2JjN2M0YzAiOnsiY3JlYXRlIjo2MDAwMDAwMDAwMDAsImRlbGV0ZSI6NjAwMDAwMDAwMDAwLCJ1cGRhdGUiOjYwMDAwMDAwMDAwMH0sInNjaGVtYV92ZXJzaW9uIjoiMCJ9",
          "dependencies": [
            "module.lambda_apigateway.aws_ecr_repository.zebra-reservation-form",
            "module.lambda_apigateway.aws_iam_role.LambdaSESMailRole",
            "module.lambda_apigateway.data.aws_iam_policy_document.LambdaSESMailRole-assume"
          ]
        }
      ]
    },
    {
      "module": "module.lambda_apigateway",
      "mode": "managed",
      "type": "aws_lambda_permission",
      "name": "ApiGateway-option",
      "provider": "provider[\"registry.terraform.io/hashicorp/aws\"]",
      "instances": [
        {
          "schema_version": 0,
          "attributes": {
            "action": "lambda:InvokeFunction",
            "event_source_token": null,
            "function_name": "arn:aws:lambda:ap-northeast-1:807357942906:function:reservationform-send-mail",
            "function_url_auth_type": null,
            "id": "eb9f5b6c-6cd8-5725-9706-b0b0455a4e9e",
            "principal": "apigateway.amazonaws.com",
            "principal_org_id": null,
            "qualifier": "",
            "source_account": null,
            "source_arn": "arn:aws:execute-api:ap-northeast-1:807357942906:tj3alvdeza/*/OPTIONS/send",
            "statement_id": "eb9f5b6c-6cd8-5725-9706-b0b0455a4e9e",
            "statement_id_prefix": ""
          },
          "sensitive_attributes": [],
          "private": "eyJzY2hlbWFfdmVyc2lvbiI6IjAifQ==",
          "dependencies": [
            "module.lambda_apigateway.aws_api_gateway_method.SendMailAPI-OPTIONS",
            "module.lambda_apigateway.aws_api_gateway_resource.SendMailAPI",
            "module.lambda_apigateway.aws_api_gateway_rest_api.SendMailAPI",
            "module.lambda_apigateway.aws_ecr_repository.zebra-reservation-form",
            "module.lambda_apigateway.aws_iam_role.LambdaSESMailRole",
            "module.lambda_apigateway.aws_lambda_function.reservationform-send-mail",
            "module.lambda_apigateway.data.aws_iam_policy_document.LambdaSESMailRole-assume"
          ]
        }
      ]
    },
    {
      "module": "module.lambda_apigateway",
      "mode": "managed",
      "type": "aws_lambda_permission",
      "name": "ApiGateway-post",
      "provider": "provider[\"registry.terraform.io/hashicorp/aws\"]",
      "instances": [
        {
          "schema_version": 0,
          "attributes": {
            "action": "lambda:InvokeFunction",
            "event_source_token": null,
            "function_name": "arn:aws:lambda:ap-northeast-1:807357942906:function:reservationform-send-mail",
            "function_url_auth_type": null,
            "id": "19f1c1cd-2e4d-55d5-9f47-cd5e778ec50d",
            "principal": "apigateway.amazonaws.com",
            "principal_org_id": null,
            "qualifier": "",
            "source_account": null,
            "source_arn": "arn:aws:execute-api:ap-northeast-1:807357942906:tj3alvdeza/*/POST/send",
            "statement_id": "19f1c1cd-2e4d-55d5-9f47-cd5e778ec50d",
            "statement_id_prefix": ""
          },
          "sensitive_attributes": [],
          "private": "eyJzY2hlbWFfdmVyc2lvbiI6IjAifQ==",
          "dependencies": [
            "module.lambda_apigateway.aws_api_gateway_method.SendMailAPI-POST",
            "module.lambda_apigateway.aws_api_gateway_resource.SendMailAPI",
            "module.lambda_apigateway.aws_api_gateway_rest_api.SendMailAPI",
            "module.lambda_apigateway.aws_ecr_repository.zebra-reservation-form",
            "module.lambda_apigateway.aws_iam_role.LambdaSESMailRole",
            "module.lambda_apigateway.aws_lambda_function.reservationform-send-mail",
            "module.lambda_apigateway.data.aws_iam_policy_document.LambdaSESMailRole-assume"
          ]
        }
      ]
    },
    {
      "module": "module.route53",
      "mode": "managed",
      "type": "aws_acm_certificate",
      "name": "cert",
      "provider": "module.route53.provider[\"registry.terraform.io/hashicorp/aws\"].acm_provider",
      "instances": [
        {
          "schema_version": 0,
          "attributes": {
            "arn": "arn:aws:acm:us-east-1:807357942906:certificate/8275ca6f-b3a6-450c-ad04-ab4a3bf31032",
            "certificate_authority_arn": "",
            "certificate_body": null,
            "certificate_chain": null,
            "domain_name": "*.studiozebra-1st-dev.com",
            "domain_validation_options": [
              {
                "domain_name": "*.studiozebra-1st-dev.com",
                "resource_record_name": "_e1395cf84e22a22cab3985d73e2ee604.studiozebra-1st-dev.com.",
                "resource_record_type": "CNAME",
                "resource_record_value": "_e30ad9709cdfc43f6bfcf1094a05ac36.mhbtsbpdnt.acm-validations.aws."
              }
            ],
            "early_renewal_duration": "",
            "id": "arn:aws:acm:us-east-1:807357942906:certificate/8275ca6f-b3a6-450c-ad04-ab4a3bf31032",
            "key_algorithm": "RSA_2048",
            "not_after": "2025-02-12T23:59:59Z",
            "not_before": "2024-01-15T00:00:00Z",
            "options": [
              {
                "certificate_transparency_logging_preference": "ENABLED"
              }
            ],
            "pending_renewal": false,
            "private_key": null,
            "renewal_eligibility": "ELIGIBLE",
            "renewal_summary": [],
            "status": "ISSUED",
            "subject_alternative_names": [
              "*.studiozebra-1st-dev.com"
            ],
            "tags": {
              "Name": "studiozebra-1st-dev.com"
            },
            "tags_all": {
              "Name": "studiozebra-1st-dev.com"
            },
            "type": "AMAZON_ISSUED",
            "validation_emails": [],
            "validation_method": "DNS",
            "validation_option": []
          },
          "sensitive_attributes": [],
          "private": "bnVsbA==",
          "create_before_destroy": true
        }
      ]
    },
    {
      "module": "module.route53",
      "mode": "managed",
      "type": "aws_route53_record",
      "name": "studiozebra-1st-dev-A",
      "provider": "provider[\"registry.terraform.io/hashicorp/aws\"]",
      "instances": [
        {
          "schema_version": 2,
          "attributes": {
            "alias": [
              {
                "evaluate_target_health": false,
                "name": "d3g894tijse4w5.cloudfront.net",
                "zone_id": "Z2FDTNDATAQYW2"
              }
            ],
            "allow_overwrite": null,
            "cidr_routing_policy": [],
            "failover_routing_policy": [],
            "fqdn": "reservation-form.studiozebra-1st-dev.com",
            "geolocation_routing_policy": [],
            "geoproximity_routing_policy": [],
            "health_check_id": "",
            "id": "Z09950083IQ9NEG22SSR2_reservation-form.studiozebra-1st-dev.com_A",
            "latency_routing_policy": [],
            "multivalue_answer_routing_policy": false,
            "name": "reservation-form.studiozebra-1st-dev.com",
            "records": [],
            "set_identifier": "",
            "ttl": 0,
            "type": "A",
            "weighted_routing_policy": [],
            "zone_id": "Z09950083IQ9NEG22SSR2"
          },
          "sensitive_attributes": [],
          "private": "eyJzY2hlbWFfdmVyc2lvbiI6IjIifQ==",
          "dependencies": [
            "module.route53.aws_route53_zone.hostzone-zebra"
          ]
        }
      ]
    },
    {
      "module": "module.route53",
      "mode": "managed",
      "type": "aws_route53_record",
      "name": "studiozebra-1st-dev-CNAME-1",
      "provider": "provider[\"registry.terraform.io/hashicorp/aws\"]",
      "instances": [
        {
          "schema_version": 2,
          "attributes": {
            "alias": [],
            "allow_overwrite": null,
            "cidr_routing_policy": [],
            "failover_routing_policy": [],
            "fqdn": "od2probuhkhsyeyutxepl2tvljzx3kdv._domainkey.studiozebra-1st-dev.com",
            "geolocation_routing_policy": [],
            "geoproximity_routing_policy": [],
            "health_check_id": "",
            "id": "Z09950083IQ9NEG22SSR2_od2probuhkhsyeyutxepl2tvljzx3kdv._domainkey.studiozebra-1st-dev.com_CNAME",
            "latency_routing_policy": [],
            "multivalue_answer_routing_policy": false,
            "name": "od2probuhkhsyeyutxepl2tvljzx3kdv._domainkey.studiozebra-1st-dev.com",
            "records": [
              "od2probuhkhsyeyutxepl2tvljzx3kdv.dkim.amazonses.com"
            ],
            "set_identifier": "",
            "ttl": 300,
            "type": "CNAME",
            "weighted_routing_policy": [],
            "zone_id": "Z09950083IQ9NEG22SSR2"
          },
          "sensitive_attributes": [],
          "private": "eyJzY2hlbWFfdmVyc2lvbiI6IjIifQ==",
          "dependencies": [
            "module.route53.aws_route53_zone.hostzone-zebra"
          ]
        }
      ]
    },
    {
      "module": "module.route53",
      "mode": "managed",
      "type": "aws_route53_record",
      "name": "studiozebra-1st-dev-CNAME-2",
      "provider": "provider[\"registry.terraform.io/hashicorp/aws\"]",
      "instances": [
        {
          "schema_version": 2,
          "attributes": {
            "alias": [],
            "allow_overwrite": null,
            "cidr_routing_policy": [],
            "failover_routing_policy": [],
            "fqdn": "u4dlvlrx7veabv4mex4naihdo47i2ig2._domainkey.studiozebra-1st-dev.com",
            "geolocation_routing_policy": [],
            "geoproximity_routing_policy": [],
            "health_check_id": "",
            "id": "Z09950083IQ9NEG22SSR2_u4dlvlrx7veabv4mex4naihdo47i2ig2._domainkey.studiozebra-1st-dev.com_CNAME",
            "latency_routing_policy": [],
            "multivalue_answer_routing_policy": false,
            "name": "u4dlvlrx7veabv4mex4naihdo47i2ig2._domainkey.studiozebra-1st-dev.com",
            "records": [
              "u4dlvlrx7veabv4mex4naihdo47i2ig2.dkim.amazonses.com"
            ],
            "set_identifier": "",
            "ttl": 300,
            "type": "CNAME",
            "weighted_routing_policy": [],
            "zone_id": "Z09950083IQ9NEG22SSR2"
          },
          "sensitive_attributes": [],
          "private": "eyJzY2hlbWFfdmVyc2lvbiI6IjIifQ==",
          "dependencies": [
            "module.route53.aws_route53_zone.hostzone-zebra"
          ]
        }
      ]
    },
    {
      "module": "module.route53",
      "mode": "managed",
      "type": "aws_route53_record",
      "name": "studiozebra-1st-dev-CNAME-3",
      "provider": "provider[\"registry.terraform.io/hashicorp/aws\"]",
      "instances": [
        {
          "schema_version": 2,
          "attributes": {
            "alias": [],
            "allow_overwrite": null,
            "cidr_routing_policy": [],
            "failover_routing_policy": [],
            "fqdn": "zp4bu6bgkmmzqcvpc7h4rgzxzgkudlkv._domainkey.studiozebra-1st-dev.com",
            "geolocation_routing_policy": [],
            "geoproximity_routing_policy": [],
            "health_check_id": "",
            "id": "Z09950083IQ9NEG22SSR2_zp4bu6bgkmmzqcvpc7h4rgzxzgkudlkv._domainkey.studiozebra-1st-dev.com_CNAME",
            "latency_routing_policy": [],
            "multivalue_answer_routing_policy": false,
            "name": "zp4bu6bgkmmzqcvpc7h4rgzxzgkudlkv._domainkey.studiozebra-1st-dev.com",
            "records": [
              "zp4bu6bgkmmzqcvpc7h4rgzxzgkudlkv.dkim.amazonses.com"
            ],
            "set_identifier": "",
            "ttl": 300,
            "type": "CNAME",
            "weighted_routing_policy": [],
            "zone_id": "Z09950083IQ9NEG22SSR2"
          },
          "sensitive_attributes": [],
          "private": "eyJzY2hlbWFfdmVyc2lvbiI6IjIifQ==",
          "dependencies": [
            "module.route53.aws_route53_zone.hostzone-zebra"
          ]
        }
      ]
    },
    {
      "module": "module.route53",
      "mode": "managed",
      "type": "aws_route53_record",
      "name": "studiozebra-1st-dev-CNAME-4",
      "provider": "provider[\"registry.terraform.io/hashicorp/aws\"]",
      "instances": [
        {
          "schema_version": 2,
          "attributes": {
            "alias": [],
            "allow_overwrite": null,
            "cidr_routing_policy": [],
            "failover_routing_policy": [],
            "fqdn": "_e1395cf84e22a22cab3985d73e2ee604.studiozebra-1st-dev.com",
            "geolocation_routing_policy": [],
            "geoproximity_routing_policy": [],
            "health_check_id": "",
            "id": "Z09950083IQ9NEG22SSR2__e1395cf84e22a22cab3985d73e2ee604.studiozebra-1st-dev.com_CNAME",
            "latency_routing_policy": [],
            "multivalue_answer_routing_policy": false,
            "name": "_e1395cf84e22a22cab3985d73e2ee604.studiozebra-1st-dev.com",
            "records": [
              "_e30ad9709cdfc43f6bfcf1094a05ac36.mhbtsbpdnt.acm-validations.aws."
            ],
            "set_identifier": "",
            "ttl": 300,
            "type": "CNAME",
            "weighted_routing_policy": [],
            "zone_id": "Z09950083IQ9NEG22SSR2"
          },
          "sensitive_attributes": [],
          "private": "eyJzY2hlbWFfdmVyc2lvbiI6IjIifQ==",
          "dependencies": [
            "module.route53.aws_route53_zone.hostzone-zebra"
          ]
        }
      ]
    },
    {
      "module": "module.route53",
      "mode": "managed",
      "type": "aws_route53_record",
      "name": "studiozebra-1st-dev-CNAME-5",
      "provider": "provider[\"registry.terraform.io/hashicorp/aws\"]",
      "instances": [
        {
          "schema_version": 2,
          "attributes": {
            "alias": [],
            "allow_overwrite": null,
            "cidr_routing_policy": [],
            "failover_routing_policy": [],
            "fqdn": "_e1395cf84e22a22cab3985d73e2ee604.studiozebra-1st-dev.com.studiozebra-1st-dev.com",
            "geolocation_routing_policy": [],
            "geoproximity_routing_policy": [],
            "health_check_id": "",
            "id": "Z09950083IQ9NEG22SSR2__e1395cf84e22a22cab3985d73e2ee604.studiozebra-1st-dev.com.studiozebra-1st-dev.com_CNAME",
            "latency_routing_policy": [],
            "multivalue_answer_routing_policy": false,
            "name": "_e1395cf84e22a22cab3985d73e2ee604.studiozebra-1st-dev.com.studiozebra-1st-dev.com",
            "records": [
              "_e30ad9709cdfc43f6bfcf1094a05ac36.mhbtsbpdnt.acm-validations.aws."
            ],
            "set_identifier": "",
            "ttl": 300,
            "type": "CNAME",
            "weighted_routing_policy": [],
            "zone_id": "Z09950083IQ9NEG22SSR2"
          },
          "sensitive_attributes": [],
          "private": "eyJzY2hlbWFfdmVyc2lvbiI6IjIifQ==",
          "dependencies": [
            "module.route53.aws_route53_zone.hostzone-zebra"
          ]
        }
      ]
    },
    {
      "module": "module.route53",
      "mode": "managed",
      "type": "aws_route53_record",
      "name": "studiozebra-1st-dev-NS",
      "provider": "provider[\"registry.terraform.io/hashicorp/aws\"]",
      "instances": [
        {
          "schema_version": 2,
          "attributes": {
            "alias": [],
            "allow_overwrite": null,
            "cidr_routing_policy": [],
            "failover_routing_policy": [],
            "fqdn": "studiozebra-1st-dev.com",
            "geolocation_routing_policy": [],
            "geoproximity_routing_policy": [],
            "health_check_id": "",
            "id": "Z09950083IQ9NEG22SSR2_studiozebra-1st-dev.com_NS",
            "latency_routing_policy": [],
            "multivalue_answer_routing_policy": false,
            "name": "studiozebra-1st-dev.com",
            "records": [
              "ns-1390.awsdns-45.org.",
              "ns-1913.awsdns-47.co.uk.",
              "ns-284.awsdns-35.com.",
              "ns-792.awsdns-35.net."
            ],
            "set_identifier": "",
            "ttl": 172800,
            "type": "NS",
            "weighted_routing_policy": [],
            "zone_id": "Z09950083IQ9NEG22SSR2"
          },
          "sensitive_attributes": [],
          "private": "eyJzY2hlbWFfdmVyc2lvbiI6IjIifQ==",
          "dependencies": [
            "module.route53.aws_route53_zone.hostzone-zebra"
          ]
        }
      ]
    },
    {
      "module": "module.route53",
      "mode": "managed",
      "type": "aws_route53_record",
      "name": "studiozebra-1st-dev-SOA",
      "provider": "provider[\"registry.terraform.io/hashicorp/aws\"]",
      "instances": [
        {
          "schema_version": 2,
          "attributes": {
            "alias": [],
            "allow_overwrite": null,
            "cidr_routing_policy": [],
            "failover_routing_policy": [],
            "fqdn": "studiozebra-1st-dev.com",
            "geolocation_routing_policy": [],
            "geoproximity_routing_policy": [],
            "health_check_id": "",
            "id": "Z09950083IQ9NEG22SSR2_studiozebra-1st-dev.com_SOA",
            "latency_routing_policy": [],
            "multivalue_answer_routing_policy": false,
            "name": "studiozebra-1st-dev.com",
            "records": [
              "ns-1913.awsdns-47.co.uk. awsdns-hostmaster.amazon.com. 1 7200 900 1209600 86400"
            ],
            "set_identifier": "",
            "ttl": 900,
            "type": "SOA",
            "weighted_routing_policy": [],
            "zone_id": "Z09950083IQ9NEG22SSR2"
          },
          "sensitive_attributes": [],
          "private": "eyJzY2hlbWFfdmVyc2lvbiI6IjIifQ==",
          "dependencies": [
            "module.route53.aws_route53_zone.hostzone-zebra"
          ]
        }
      ]
    },
    {
      "module": "module.route53",
      "mode": "managed",
      "type": "aws_route53_zone",
      "name": "hostzone-zebra",
      "provider": "provider[\"registry.terraform.io/hashicorp/aws\"]",
      "instances": [
        {
          "schema_version": 0,
          "attributes": {
            "arn": "arn:aws:route53:::hostedzone/Z09950083IQ9NEG22SSR2",
            "comment": "HostedZone created by Route53 Registrar",
            "delegation_set_id": "",
            "force_destroy": null,
            "id": "Z09950083IQ9NEG22SSR2",
            "name": "studiozebra-1st-dev.com",
            "name_servers": [
              "ns-1390.awsdns-45.org",
              "ns-1913.awsdns-47.co.uk",
              "ns-284.awsdns-35.com",
              "ns-792.awsdns-35.net"
            ],
            "primary_name_server": "ns-1913.awsdns-47.co.uk",
            "tags": {},
            "tags_all": {},
            "vpc": [],
            "zone_id": "Z09950083IQ9NEG22SSR2"
          },
          "sensitive_attributes": [],
          "private": "eyJzY2hlbWFfdmVyc2lvbiI6IjAifQ=="
        }
      ]
    },
    {
      "module": "module.s3_bucket",
      "mode": "data",
      "type": "aws_iam_policy_document",
      "name": "allow_cloudfront_service_principal",
      "provider": "provider[\"registry.terraform.io/hashicorp/aws\"]",
      "instances": [
        {
          "schema_version": 0,
          "attributes": {
            "id": "4204110737",
            "json": "{\n  \"Version\": \"2012-10-17\",\n  \"Statement\": [\n    {\n      \"Sid\": \"AllowCloudFrontServicePrincipal\",\n      \"Effect\": \"Allow\",\n      \"Action\": \"s3:GetObject\",\n      \"Resource\": \"arn:aws:s3:::studiozebra-1st-reservation-form/*\",\n      \"Principal\": {\n        \"Service\": \"cloudfront.amazonaws.com\"\n      },\n      \"Condition\": {\n        \"StringEquals\": {\n          \"AWS:SourceArn\": \"arn:aws:cloudfront::807357942906:distribution/E36NOONM5TQTGN\"\n        }\n      }\n    }\n  ]\n}",
            "override_json": null,
            "override_policy_documents": null,
            "policy_id": null,
            "source_json": null,
            "source_policy_documents": null,
            "statement": [
              {
                "actions": [
                  "s3:GetObject"
                ],
                "condition": [
                  {
                    "test": "StringEquals",
                    "values": [
                      "arn:aws:cloudfront::807357942906:distribution/E36NOONM5TQTGN"
                    ],
                    "variable": "AWS:SourceArn"
                  }
                ],
                "effect": "Allow",
                "not_actions": [],
                "not_principals": [],
                "not_resources": [],
                "principals": [
                  {
                    "identifiers": [
                      "cloudfront.amazonaws.com"
                    ],
                    "type": "Service"
                  }
                ],
                "resources": [
                  "arn:aws:s3:::studiozebra-1st-reservation-form/*"
                ],
                "sid": "AllowCloudFrontServicePrincipal"
              }
            ],
            "version": "2012-10-17"
          },
          "sensitive_attributes": []
        }
      ]
    },
    {
      "module": "module.s3_bucket",
      "mode": "managed",
      "type": "aws_s3_bucket",
      "name": "cloudfront-log",
      "provider": "provider[\"registry.terraform.io/hashicorp/aws\"]",
      "instances": [
        {
          "schema_version": 0,
          "attributes": {
            "acceleration_status": "",
            "acl": null,
            "arn": "arn:aws:s3:::studiozebra-1st-cloudfront-log",
            "bucket": "studiozebra-1st-cloudfront-log",
            "bucket_domain_name": "studiozebra-1st-cloudfront-log.s3.amazonaws.com",
            "bucket_prefix": "",
            "bucket_regional_domain_name": "studiozebra-1st-cloudfront-log.s3.ap-northeast-1.amazonaws.com",
            "cors_rule": [],
            "force_destroy": null,
            "grant": [
              {
                "id": "3f9753b169e3b83a0874dbaa88045a648dcd124b7ee3cc1e72a7794479d1db7b",
                "permissions": [
                  "FULL_CONTROL"
                ],
                "type": "CanonicalUser",
                "uri": ""
              },
              {
                "id": "c4c1ede66af53448b93c283ce9448c4ba468c9432aa01d700d3878632f77d2d0",
                "permissions": [
                  "FULL_CONTROL"
                ],
                "type": "CanonicalUser",
                "uri": ""
              }
            ],
            "hosted_zone_id": "Z2M4EHUR26P7ZW",
            "id": "studiozebra-1st-cloudfront-log",
            "lifecycle_rule": [],
            "logging": [],
            "object_lock_configuration": [],
            "object_lock_enabled": false,
            "policy": "",
            "region": "ap-northeast-1",
            "replication_configuration": [],
            "request_payer": "BucketOwner",
            "server_side_encryption_configuration": [
              {
                "rule": [
                  {
                    "apply_server_side_encryption_by_default": [
                      {
                        "kms_master_key_id": "",
                        "sse_algorithm": "AES256"
                      }
                    ],
                    "bucket_key_enabled": true
                  }
                ]
              }
            ],
            "tags": {},
            "tags_all": {},
            "timeouts": null,
            "versioning": [
              {
                "enabled": false,
                "mfa_delete": false
              }
            ],
            "website": [],
            "website_domain": null,
            "website_endpoint": null
          },
          "sensitive_attributes": [],
          "private": "eyJlMmJmYjczMC1lY2FhLTExZTYtOGY4OC0zNDM2M2JjN2M0YzAiOnsiY3JlYXRlIjoxMjAwMDAwMDAwMDAwLCJkZWxldGUiOjM2MDAwMDAwMDAwMDAsInJlYWQiOjEyMDAwMDAwMDAwMDAsInVwZGF0ZSI6MTIwMDAwMDAwMDAwMH0sInNjaGVtYV92ZXJzaW9uIjoiMCJ9"
        }
      ]
    },
    {
      "module": "module.s3_bucket",
      "mode": "managed",
      "type": "aws_s3_bucket",
      "name": "reservation-form",
      "provider": "provider[\"registry.terraform.io/hashicorp/aws\"]",
      "instances": [
        {
          "schema_version": 0,
          "attributes": {
            "acceleration_status": "",
            "acl": null,
            "arn": "arn:aws:s3:::studiozebra-1st-reservation-form",
            "bucket": "studiozebra-1st-reservation-form",
            "bucket_domain_name": "studiozebra-1st-reservation-form.s3.amazonaws.com",
            "bucket_prefix": "",
            "bucket_regional_domain_name": "studiozebra-1st-reservation-form.s3.ap-northeast-1.amazonaws.com",
            "cors_rule": [
              {
                "allowed_headers": [
                  "*"
                ],
                "allowed_methods": [
                  "GET",
                  "HEAD",
                  "POST",
                  "PUT"
                ],
                "allowed_origins": [
                  "https://reservation-form.studiozebra-1st-dev.com"
                ],
                "expose_headers": [],
                "max_age_seconds": 3000
              }
            ],
            "force_destroy": null,
            "grant": [
              {
                "id": "3f9753b169e3b83a0874dbaa88045a648dcd124b7ee3cc1e72a7794479d1db7b",
                "permissions": [
                  "FULL_CONTROL"
                ],
                "type": "CanonicalUser",
                "uri": ""
              }
            ],
            "hosted_zone_id": "Z2M4EHUR26P7ZW",
            "id": "studiozebra-1st-reservation-form",
            "lifecycle_rule": [],
            "logging": [],
            "object_lock_configuration": [],
            "object_lock_enabled": false,
            "policy": "{\"Statement\":[{\"Action\":\"s3:GetObject\",\"Condition\":{\"StringEquals\":{\"AWS:SourceArn\":\"arn:aws:cloudfront::807357942906:distribution/E36NOONM5TQTGN\"}},\"Effect\":\"Allow\",\"Principal\":{\"Service\":\"cloudfront.amazonaws.com\"},\"Resource\":\"arn:aws:s3:::studiozebra-1st-reservation-form/*\",\"Sid\":\"AllowCloudFrontServicePrincipal\"}],\"Version\":\"2012-10-17\"}",
            "region": "ap-northeast-1",
            "replication_configuration": [],
            "request_payer": "BucketOwner",
            "server_side_encryption_configuration": [
              {
                "rule": [
                  {
                    "apply_server_side_encryption_by_default": [
                      {
                        "kms_master_key_id": "",
                        "sse_algorithm": "AES256"
                      }
                    ],
                    "bucket_key_enabled": true
                  }
                ]
              }
            ],
            "tags": {},
            "tags_all": {},
            "timeouts": null,
            "versioning": [
              {
                "enabled": false,
                "mfa_delete": false
              }
            ],
            "website": [],
            "website_domain": null,
            "website_endpoint": null
          },
          "sensitive_attributes": [],
          "private": "eyJlMmJmYjczMC1lY2FhLTExZTYtOGY4OC0zNDM2M2JjN2M0YzAiOnsiY3JlYXRlIjoxMjAwMDAwMDAwMDAwLCJkZWxldGUiOjM2MDAwMDAwMDAwMDAsInJlYWQiOjEyMDAwMDAwMDAwMDAsInVwZGF0ZSI6MTIwMDAwMDAwMDAwMH0sInNjaGVtYV92ZXJzaW9uIjoiMCJ9"
        }
      ]
    },
    {
      "module": "module.s3_bucket",
      "mode": "managed",
      "type": "aws_s3_bucket_cors_configuration",
      "name": "cors-rule",
      "provider": "provider[\"registry.terraform.io/hashicorp/aws\"]",
      "instances": [
        {
          "schema_version": 0,
          "attributes": {
            "bucket": "studiozebra-1st-reservation-form",
            "cors_rule": [
              {
                "allowed_headers": [
                  "*"
                ],
                "allowed_methods": [
                  "GET",
                  "HEAD",
                  "POST",
                  "PUT"
                ],
                "allowed_origins": [
                  "https://reservation-form.studiozebra-1st-dev.com"
                ],
                "expose_headers": [],
                "id": "",
                "max_age_seconds": 3000
              }
            ],
            "expected_bucket_owner": "",
            "id": "studiozebra-1st-reservation-form"
          },
          "sensitive_attributes": [],
          "private": "eyJzY2hlbWFfdmVyc2lvbiI6IjAifQ==",
          "dependencies": [
            "module.s3_bucket.aws_s3_bucket.reservation-form"
          ]
        }
      ]
    },
    {
      "module": "module.s3_bucket",
      "mode": "managed",
      "type": "aws_s3_bucket_policy",
      "name": "allow_cloudfront_service_principal",
      "provider": "provider[\"registry.terraform.io/hashicorp/aws\"]",
      "instances": [
        {
          "schema_version": 0,
          "attributes": {
            "bucket": "studiozebra-1st-reservation-form",
            "id": "studiozebra-1st-reservation-form",
            "policy": "{\"Statement\":[{\"Action\":\"s3:GetObject\",\"Condition\":{\"StringEquals\":{\"AWS:SourceArn\":\"arn:aws:cloudfront::807357942906:distribution/E36NOONM5TQTGN\"}},\"Effect\":\"Allow\",\"Principal\":{\"Service\":\"cloudfront.amazonaws.com\"},\"Resource\":\"arn:aws:s3:::studiozebra-1st-reservation-form/*\",\"Sid\":\"AllowCloudFrontServicePrincipal\"}],\"Version\":\"2012-10-17\"}"
          },
          "sensitive_attributes": [],
          "private": "bnVsbA==",
          "dependencies": [
            "module.s3_bucket.aws_s3_bucket.reservation-form",
            "module.s3_bucket.data.aws_iam_policy_document.allow_cloudfront_service_principal"
          ]
        }
      ]
    },
    {
      "module": "module.s3_bucket",
      "mode": "managed",
      "type": "aws_s3_bucket_public_access_block",
      "name": "block_reservation-form",
      "provider": "provider[\"registry.terraform.io/hashicorp/aws\"]",
      "instances": [
        {
          "schema_version": 0,
          "attributes": {
            "block_public_acls": true,
            "block_public_policy": true,
            "bucket": "studiozebra-1st-reservation-form",
            "id": "studiozebra-1st-reservation-form",
            "ignore_public_acls": true,
            "restrict_public_buckets": true
          },
          "sensitive_attributes": [],
          "private": "eyJzY2hlbWFfdmVyc2lvbiI6IjAifQ==",
          "dependencies": [
            "module.s3_bucket.aws_s3_bucket.reservation-form"
          ]
        }
      ]
    },
    {
      "module": "module.ses",
      "mode": "managed",
      "type": "aws_ses_configuration_set",
      "name": "configuration-set",
      "provider": "provider[\"registry.terraform.io/hashicorp/aws\"]",
      "instances": [
        {
          "schema_version": 0,
          "attributes": {
            "arn": "arn:aws:ses:ap-northeast-1:807357942906:configuration-set/my-first-configuration-set",
            "delivery_options": [],
            "id": "my-first-configuration-set",
            "last_fresh_start": "0001-01-01T00:00:00Z",
            "name": "my-first-configuration-set",
            "reputation_metrics_enabled": true,
            "sending_enabled": true,
            "tracking_options": []
          },
          "sensitive_attributes": [],
          "private": "eyJzY2hlbWFfdmVyc2lvbiI6IjAifQ=="
        }
      ]
    },
    {
      "module": "module.ses",
      "mode": "managed",
      "type": "aws_ses_domain_identity",
      "name": "studio-zebra",
      "provider": "provider[\"registry.terraform.io/hashicorp/aws\"]",
      "instances": [
        {
          "schema_version": 0,
          "attributes": {
            "arn": "arn:aws:ses:ap-northeast-1:807357942906:identity/studiozebra-1st-dev.com",
            "domain": "studiozebra-1st-dev.com",
            "id": "studiozebra-1st-dev.com",
            "verification_token": "aYa8aQwXL/wsZuxroDuc7QnXMBBdYtEw+yxQXYiIkTg="
          },
          "sensitive_attributes": [],
          "private": "eyJzY2hlbWFfdmVyc2lvbiI6IjAifQ=="
        }
      ]
    },
    {
      "module": "module.ses",
      "mode": "managed",
      "type": "aws_ses_email_identity",
      "name": "recipient-address",
      "provider": "provider[\"registry.terraform.io/hashicorp/aws\"]",
      "instances": [
        {
          "schema_version": 0,
          "attributes": {
            "arn": "arn:aws:ses:ap-northeast-1:807357942906:identity/yoshihito.093079@gmail.com",
            "email": "yoshihito.093079@gmail.com",
            "id": "yoshihito.093079@gmail.com"
          },
          "sensitive_attributes": [],
          "private": "eyJzY2hlbWFfdmVyc2lvbiI6IjAifQ=="
        }
      ]
    }
  ],
  "check_results": null
}
